// !$*UTF8*$!
{
	archiveVersion = 1;
	classes = {
	};
	objectVersion = 55;
	objects = {

/* Begin PBXBuildFile section */
		6D0796E7282E233300E20DAA /* AppDelegate.swift in Sources */ = {isa = PBXBuildFile; fileRef = 6D0796E6282E233300E20DAA /* AppDelegate.swift */; };
		6D0796E9282E233300E20DAA /* SceneDelegate.swift in Sources */ = {isa = PBXBuildFile; fileRef = 6D0796E8282E233300E20DAA /* SceneDelegate.swift */; };
		6D0796EE282E233300E20DAA /* Main.storyboard in Resources */ = {isa = PBXBuildFile; fileRef = 6D0796EC282E233300E20DAA /* Main.storyboard */; };
		6D0796F0282E233400E20DAA /* Assets.xcassets in Resources */ = {isa = PBXBuildFile; fileRef = 6D0796EF282E233400E20DAA /* Assets.xcassets */; };
		6D0796F3282E233400E20DAA /* LaunchScreen.storyboard in Resources */ = {isa = PBXBuildFile; fileRef = 6D0796F1282E233400E20DAA /* LaunchScreen.storyboard */; };
		6D079724282E273A00E20DAA /* LobbyViewController.swift in Sources */ = {isa = PBXBuildFile; fileRef = 6D079723282E273A00E20DAA /* LobbyViewController.swift */; };
		6D079726282E273F00E20DAA /* BattleViewController.swift in Sources */ = {isa = PBXBuildFile; fileRef = 6D079725282E273F00E20DAA /* BattleViewController.swift */; };
		6D07973D282E28CA00E20DAA /* lobby.png in Resources */ = {isa = PBXBuildFile; fileRef = 6D079729282E28CA00E20DAA /* lobby.png */; };
		6D07973E282E28CA00E20DAA /* battlebg.png in Resources */ = {isa = PBXBuildFile; fileRef = 6D07972A282E28CA00E20DAA /* battlebg.png */; };
		6D07973F282E28CA00E20DAA /* bgimage.jpg in Resources */ = {isa = PBXBuildFile; fileRef = 6D07972B282E28CA00E20DAA /* bgimage.jpg */; };
		6D079740282E28CA00E20DAA /* waku.png in Resources */ = {isa = PBXBuildFile; fileRef = 6D07972C282E28CA00E20DAA /* waku.png */; };
		6D079741282E28CA00E20DAA /* gold_button.png in Resources */ = {isa = PBXBuildFile; fileRef = 6D07972D282E28CA00E20DAA /* gold_button.png */; };
		6D079742282E28CA00E20DAA /* yusya.png in Resources */ = {isa = PBXBuildFile; fileRef = 6D07972E282E28CA00E20DAA /* yusya.png */; };
		6D079743282E28CA00E20DAA /* monster.png in Resources */ = {isa = PBXBuildFile; fileRef = 6D07972F282E28CA00E20DAA /* monster.png */; };
		6D079744282E28CA00E20DAA /* TechMonManager.swift in Sources */ = {isa = PBXBuildFile; fileRef = 6D079731282E28CA00E20DAA /* TechMonManager.swift */; };
		6D079745282E28CA00E20DAA /* Character.swift in Sources */ = {isa = PBXBuildFile; fileRef = 6D079732282E28CA00E20DAA /* Character.swift */; };
		6D079746282E28CA00E20DAA /* SE_fanfare.mp3 in Resources */ = {isa = PBXBuildFile; fileRef = 6D079734282E28CA00E20DAA /* SE_fanfare.mp3 */; };
		6D079747282E28CA00E20DAA /* BGM_battle001.mp3 in Resources */ = {isa = PBXBuildFile; fileRef = 6D079735282E28CA00E20DAA /* BGM_battle001.mp3 */; };
		6D079748282E28CA00E20DAA /* SE_fire.mp3 in Resources */ = {isa = PBXBuildFile; fileRef = 6D079736282E28CA00E20DAA /* SE_fire.mp3 */; };
		6D079749282E28CA00E20DAA /* SE_attack.mp3 in Resources */ = {isa = PBXBuildFile; fileRef = 6D079737282E28CA00E20DAA /* SE_attack.mp3 */; };
		6D07974A282E28CA00E20DAA /* SE_gameover.mp3 in Resources */ = {isa = PBXBuildFile; fileRef = 6D079738282E28CA00E20DAA /* SE_gameover.mp3 */; };
		6D07974B282E28CA00E20DAA /* SE_charge.mp3 in Resources */ = {isa = PBXBuildFile; fileRef = 6D079739282E28CA00E20DAA /* SE_charge.mp3 */; };
		6D07974C282E28CA00E20DAA /* lobby.mp3 in Resources */ = {isa = PBXBuildFile; fileRef = 6D07973A282E28CA00E20DAA /* lobby.mp3 */; };
		6D07974D282E28CA00E20DAA /* misaki_gothic.ttf in Resources */ = {isa = PBXBuildFile; fileRef = 6D07973C282E28CA00E20DAA /* misaki_gothic.ttf */; };
/* End PBXBuildFile section */

/* Begin PBXFileReference section */
		6D0796E3282E233300E20DAA /* AS_13_techmon.app */ = {isa = PBXFileReference; explicitFileType = wrapper.application; includeInIndex = 0; path = AS_13_techmon.app; sourceTree = BUILT_PRODUCTS_DIR; };
		6D0796E6282E233300E20DAA /* AppDelegate.swift */ = {isa = PBXFileReference; lastKnownFileType = sourcecode.swift; path = AppDelegate.swift; sourceTree = "<group>"; };
		6D0796E8282E233300E20DAA /* SceneDelegate.swift */ = {isa = PBXFileReference; lastKnownFileType = sourcecode.swift; path = SceneDelegate.swift; sourceTree = "<group>"; };
		6D0796ED282E233300E20DAA /* Base */ = {isa = PBXFileReference; lastKnownFileType = file.storyboard; name = Base; path = Base.lproj/Main.storyboard; sourceTree = "<group>"; };
		6D0796EF282E233400E20DAA /* Assets.xcassets */ = {isa = PBXFileReference; lastKnownFileType = folder.assetcatalog; path = Assets.xcassets; sourceTree = "<group>"; };
		6D0796F2282E233400E20DAA /* Base */ = {isa = PBXFileReference; lastKnownFileType = file.storyboard; name = Base; path = Base.lproj/LaunchScreen.storyboard; sourceTree = "<group>"; };
		6D0796F4282E233400E20DAA /* Info.plist */ = {isa = PBXFileReference; lastKnownFileType = text.plist.xml; path = Info.plist; sourceTree = "<group>"; };
		6D079723282E273A00E20DAA /* LobbyViewController.swift */ = {isa = PBXFileReference; lastKnownFileType = sourcecode.swift; path = LobbyViewController.swift; sourceTree = "<group>"; };
		6D079725282E273F00E20DAA /* BattleViewController.swift */ = {isa = PBXFileReference; lastKnownFileType = sourcecode.swift; path = BattleViewController.swift; sourceTree = "<group>"; };
		6D079729282E28CA00E20DAA /* lobby.png */ = {isa = PBXFileReference; lastKnownFileType = image.png; path = lobby.png; sourceTree = "<group>"; };
		6D07972A282E28CA00E20DAA /* battlebg.png */ = {isa = PBXFileReference; lastKnownFileType = image.png; path = battlebg.png; sourceTree = "<group>"; };
		6D07972B282E28CA00E20DAA /* bgimage.jpg */ = {isa = PBXFileReference; lastKnownFileType = image.jpeg; path = bgimage.jpg; sourceTree = "<group>"; };
		6D07972C282E28CA00E20DAA /* waku.png */ = {isa = PBXFileReference; lastKnownFileType = image.png; path = waku.png; sourceTree = "<group>"; };
		6D07972D282E28CA00E20DAA /* gold_button.png */ = {isa = PBXFileReference; lastKnownFileType = image.png; path = gold_button.png; sourceTree = "<group>"; };
		6D07972E282E28CA00E20DAA /* yusya.png */ = {isa = PBXFileReference; lastKnownFileType = image.png; path = yusya.png; sourceTree = "<group>"; };
		6D07972F282E28CA00E20DAA /* monster.png */ = {isa = PBXFileReference; lastKnownFileType = image.png; path = monster.png; sourceTree = "<group>"; };
		6D079731282E28CA00E20DAA /* TechMonManager.swift */ = {isa = PBXFileReference; fileEncoding = 4; lastKnownFileType = sourcecode.swift; path = TechMonManager.swift; sourceTree = "<group>"; };
		6D079732282E28CA00E20DAA /* Character.swift */ = {isa = PBXFileReference; fileEncoding = 4; lastKnownFileType = sourcecode.swift; path = Character.swift; sourceTree = "<group>"; };
		6D079734282E28CA00E20DAA /* SE_fanfare.mp3 */ = {isa = PBXFileReference; lastKnownFileType = audio.mp3; path = SE_fanfare.mp3; sourceTree = "<group>"; };
		6D079735282E28CA00E20DAA /* BGM_battle001.mp3 */ = {isa = PBXFileReference; lastKnownFileType = audio.mp3; path = BGM_battle001.mp3; sourceTree = "<group>"; };
		6D079736282E28CA00E20DAA /* SE_fire.mp3 */ = {isa = PBXFileReference; lastKnownFileType = audio.mp3; path = SE_fire.mp3; sourceTree = "<group>"; };
		6D079737282E28CA00E20DAA /* SE_attack.mp3 */ = {isa = PBXFileReference; lastKnownFileType = audio.mp3; path = SE_attack.mp3; sourceTree = "<group>"; };
		6D079738282E28CA00E20DAA /* SE_gameover.mp3 */ = {isa = PBXFileReference; lastKnownFileType = audio.mp3; path = SE_gameover.mp3; sourceTree = "<group>"; };
		6D079739282E28CA00E20DAA /* SE_charge.mp3 */ = {isa = PBXFileReference; lastKnownFileType = audio.mp3; path = SE_charge.mp3; sourceTree = "<group>"; };
		6D07973A282E28CA00E20DAA /* lobby.mp3 */ = {isa = PBXFileReference; lastKnownFileType = audio.mp3; path = lobby.mp3; sourceTree = "<group>"; };
		6D07973C282E28CA00E20DAA /* misaki_gothic.ttf */ = {isa = PBXFileReference; lastKnownFileType = file; path = misaki_gothic.ttf; sourceTree = "<group>"; };
/* End PBXFileReference section */

/* Begin PBXFrameworksBuildPhase section */
		6D0796E0282E233300E20DAA /* Frameworks */ = {
			isa = PBXFrameworksBuildPhase;
			buildActionMask = 2147483647;
			files = (
			);
			runOnlyForDeploymentPostprocessing = 0;
		};
/* End PBXFrameworksBuildPhase section */

/* Begin PBXGroup section */
		6D0796DA282E233300E20DAA = {
			isa = PBXGroup;
			children = (
				6D0796E5282E233300E20DAA /* AS_13_techmon */,
				6D0796E4282E233300E20DAA /* Products */,
			);
			sourceTree = "<group>";
		};
		6D0796E4282E233300E20DAA /* Products */ = {
			isa = PBXGroup;
			children = (
				6D0796E3282E233300E20DAA /* AS_13_techmon.app */,
			);
			name = Products;
			sourceTree = "<group>";
		};
		6D0796E5282E233300E20DAA /* AS_13_techmon */ = {
			isa = PBXGroup;
			children = (
				6D0796E6282E233300E20DAA /* AppDelegate.swift */,
				6D0796E8282E233300E20DAA /* SceneDelegate.swift */,
				6D0796EC282E233300E20DAA /* Main.storyboard */,
				6D079723282E273A00E20DAA /* LobbyViewController.swift */,
				6D079725282E273F00E20DAA /* BattleViewController.swift */,
				6D0796EF282E233400E20DAA /* Assets.xcassets */,
				6D0796F1282E233400E20DAA /* LaunchScreen.storyboard */,
				6D0796F4282E233400E20DAA /* Info.plist */,
				6D079727282E28CA00E20DAA /* TechMon_Resource */,
			);
			path = AS_13_techmon;
			sourceTree = "<group>";
		};
		6D079727282E28CA00E20DAA /* TechMon_Resource */ = {
			isa = PBXGroup;
			children = (
				6D079728282E28CA00E20DAA /* Images */,
				6D079730282E28CA00E20DAA /* Models */,
				6D079733282E28CA00E20DAA /* Sounds */,
				6D07973B282E28CA00E20DAA /* Fonts */,
			);
			path = TechMon_Resource;
			sourceTree = "<group>";
		};
		6D079728282E28CA00E20DAA /* Images */ = {
			isa = PBXGroup;
			children = (
				6D079729282E28CA00E20DAA /* lobby.png */,
				6D07972A282E28CA00E20DAA /* battlebg.png */,
				6D07972B282E28CA00E20DAA /* bgimage.jpg */,
				6D07972C282E28CA00E20DAA /* waku.png */,
				6D07972D282E28CA00E20DAA /* gold_button.png */,
				6D07972E282E28CA00E20DAA /* yusya.png */,
				6D07972F282E28CA00E20DAA /* monster.png */,
			);
			path = Images;
			sourceTree = "<group>";
		};
		6D079730282E28CA00E20DAA /* Models */ = {
			isa = PBXGroup;
			children = (
				6D079731282E28CA00E20DAA /* TechMonManager.swift */,
				6D079732282E28CA00E20DAA /* Character.swift */,
			);
			path = Models;
			sourceTree = "<group>";
		};
		6D079733282E28CA00E20DAA /* Sounds */ = {
			isa = PBXGroup;
			children = (
				6D079734282E28CA00E20DAA /* SE_fanfare.mp3 */,
				6D079735282E28CA00E20DAA /* BGM_battle001.mp3 */,
				6D079736282E28CA00E20DAA /* SE_fire.mp3 */,
				6D079737282E28CA00E20DAA /* SE_attack.mp3 */,
				6D079738282E28CA00E20DAA /* SE_gameover.mp3 */,
				6D079739282E28CA00E20DAA /* SE_charge.mp3 */,
				6D07973A282E28CA00E20DAA /* lobby.mp3 */,
			);
			path = Sounds;
			sourceTree = "<group>";
		};
		6D07973B282E28CA00E20DAA /* Fonts */ = {
			isa = PBXGroup;
			children = (
				6D07973C282E28CA00E20DAA /* misaki_gothic.ttf */,
			);
			path = Fonts;
			sourceTree = "<group>";
		};
/* End PBXGroup section */

/* Begin PBXNativeTarget section */
		6D0796E2282E233300E20DAA /* AS_13_techmon */ = {
			isa = PBXNativeTarget;
			buildConfigurationList = 6D0796F7282E233400E20DAA /* Build configuration list for PBXNativeTarget "AS_13_techmon" */;
			buildPhases = (
				6D0796DF282E233300E20DAA /* Sources */,
				6D0796E0282E233300E20DAA /* Frameworks */,
				6D0796E1282E233300E20DAA /* Resources */,
			);
			buildRules = (
			);
			dependencies = (
			);
			name = AS_13_techmon;
			productName = AS_13_techmon;
			productReference = 6D0796E3282E233300E20DAA /* AS_13_techmon.app */;
			productType = "com.apple.product-type.application";
		};
/* End PBXNativeTarget section */

/* Begin PBXProject section */
		6D0796DB282E233300E20DAA /* Project object */ = {
			isa = PBXProject;
			attributes = {
				BuildIndependentTargetsInParallel = 1;
				LastSwiftUpdateCheck = 1330;
				LastUpgradeCheck = 1330;
				TargetAttributes = {
					6D0796E2282E233300E20DAA = {
						CreatedOnToolsVersion = 13.3.1;
					};
				};
			};
			buildConfigurationList = 6D0796DE282E233300E20DAA /* Build configuration list for PBXProject "AS_13_techmon" */;
			compatibilityVersion = "Xcode 13.0";
			developmentRegion = en;
			hasScannedForEncodings = 0;
			knownRegions = (
				en,
				Base,
			);
			mainGroup = 6D0796DA282E233300E20DAA;
			productRefGroup = 6D0796E4282E233300E20DAA /* Products */;
			projectDirPath = "";
			projectRoot = "";
			targets = (
				6D0796E2282E233300E20DAA /* AS_13_techmon */,
			);
		};
/* End PBXProject section */

/* Begin PBXResourcesBuildPhase section */
		6D0796E1282E233300E20DAA /* Resources */ = {
			isa = PBXResourcesBuildPhase;
			buildActionMask = 2147483647;
			files = (
				6D079742282E28CA00E20DAA /* yusya.png in Resources */,
				6D07973F282E28CA00E20DAA /* bgimage.jpg in Resources */,
				6D079740282E28CA00E20DAA /* waku.png in Resources */,
				6D079746282E28CA00E20DAA /* SE_fanfare.mp3 in Resources */,
				6D07973D282E28CA00E20DAA /* lobby.png in Resources */,
				6D079741282E28CA00E20DAA /* gold_button.png in Resources */,
				6D079749282E28CA00E20DAA /* SE_attack.mp3 in Resources */,
				6D0796F3282E233400E20DAA /* LaunchScreen.storyboard in Resources */,
				6D07974C282E28CA00E20DAA /* lobby.mp3 in Resources */,
				6D0796F0282E233400E20DAA /* Assets.xcassets in Resources */,
				6D07974D282E28CA00E20DAA /* misaki_gothic.ttf in Resources */,
				6D07974A282E28CA00E20DAA /* SE_gameover.mp3 in Resources */,
				6D07973E282E28CA00E20DAA /* battlebg.png in Resources */,
				6D079747282E28CA00E20DAA /* BGM_battle001.mp3 in Resources */,
				6D07974B282E28CA00E20DAA /* SE_charge.mp3 in Resources */,
				6D079748282E28CA00E20DAA /* SE_fire.mp3 in Resources */,
				6D079743282E28CA00E20DAA /* monster.png in Resources */,
				6D0796EE282E233300E20DAA /* Main.storyboard in Resources */,
			);
			runOnlyForDeploymentPostprocessing = 0;
		};
/* End PBXResourcesBuildPhase section */

/* Begin PBXSourcesBuildPhase section */
		6D0796DF282E233300E20DAA /* Sources */ = {
			isa = PBXSourcesBuildPhase;
			buildActionMask = 2147483647;
			files = (
				6D079726282E273F00E20DAA /* BattleViewController.swift in Sources */,
				6D0796E7282E233300E20DAA /* AppDelegate.swift in Sources */,
				6D079744282E28CA00E20DAA /* TechMonManager.swift in Sources */,
				6D079745282E28CA00E20DAA /* Character.swift in Sources */,
				6D0796E9282E233300E20DAA /* SceneDelegate.swift in Sources */,
				6D079724282E273A00E20DAA /* LobbyViewController.swift in Sources */,
			);
			runOnlyForDeploymentPostprocessing = 0;
		};
/* End PBXSourcesBuildPhase section */

/* Begin PBXVariantGroup section */
		6D0796EC282E233300E20DAA /* Main.storyboard */ = {
			isa = PBXVariantGroup;
			children = (
				6D0796ED282E233300E20DAA /* Base */,
			);
			name = Main.storyboard;
			sourceTree = "<group>";
		};
		6D0796F1282E233400E20DAA /* LaunchScreen.storyboard */ = {
			isa = PBXVariantGroup;
			children = (
				6D0796F2282E233400E20DAA /* Base */,
			);
			name = LaunchScreen.storyboard;
			sourceTree = "<group>";
		};
/* End PBXVariantGroup section */

/* Begin XCBuildConfiguration section */
		6D0796F5282E233400E20DAA /* Debug */ = {
			isa = XCBuildConfiguration;
			buildSettings = {
				ALWAYS_SEARCH_USER_PATHS = NO;
				CLANG_ANALYZER_NONNULL = YES;
				CLANG_ANALYZER_NUMBER_OBJECT_CONVERSION = YES_AGGRESSIVE;
				CLANG_CXX_LANGUAGE_STANDARD = "gnu++17";
				CLANG_ENABLE_MODULES = YES;
				CLANG_ENABLE_OBJC_ARC = YES;
				CLANG_ENABLE_OBJC_WEAK = YES;
				CLANG_WARN_BLOCK_CAPTURE_AUTORELEASING = YES;
				CLANG_WARN_BOOL_CONVERSION = YES;
				CLANG_WARN_COMMA = YES;
				CLANG_WARN_CONSTANT_CONVERSION = YES;
				CLANG_WARN_DEPRECATED_OBJC_IMPLEMENTATIONS = YES;
				CLANG_WARN_DIRECT_OBJC_ISA_USAGE = YES_ERROR;
				CLANG_WARN_DOCUMENTATION_COMMENTS = YES;
				CLANG_WARN_EMPTY_BODY = YES;
				CLANG_WARN_ENUM_CONVERSION = YES;
				CLANG_WARN_INFINITE_RECURSION = YES;
				CLANG_WARN_INT_CONVERSION = YES;
				CLANG_WARN_NON_LITERAL_NULL_CONVERSION = YES;
				CLANG_WARN_OBJC_IMPLICIT_RETAIN_SELF = YES;
				CLANG_WARN_OBJC_LITERAL_CONVERSION = YES;
				CLANG_WARN_OBJC_ROOT_CLASS = YES_ERROR;
				CLANG_WARN_QUOTED_INCLUDE_IN_FRAMEWORK_HEADER = YES;
				CLANG_WARN_RANGE_LOOP_ANALYSIS = YES;
				CLANG_WARN_STRICT_PROTOTYPES = YES;
				CLANG_WARN_SUSPICIOUS_MOVE = YES;
				CLANG_WARN_UNGUARDED_AVAILABILITY = YES_AGGRESSIVE;
				CLANG_WARN_UNREACHABLE_CODE = YES;
				CLANG_WARN__DUPLICATE_METHOD_MATCH = YES;
				COPY_PHASE_STRIP = NO;
				DEBUG_INFORMATION_FORMAT = dwarf;
				ENABLE_STRICT_OBJC_MSGSEND = YES;
				ENABLE_TESTABILITY = YES;
				GCC_C_LANGUAGE_STANDARD = gnu11;
				GCC_DYNAMIC_NO_PIC = NO;
				GCC_NO_COMMON_BLOCKS = YES;
				GCC_OPTIMIZATION_LEVEL = 0;
				GCC_PREPROCESSOR_DEFINITIONS = (
					"DEBUG=1",
					"$(inherited)",
				);
				GCC_WARN_64_TO_32_BIT_CONVERSION = YES;
				GCC_WARN_ABOUT_RETURN_TYPE = YES_ERROR;
				GCC_WARN_UNDECLARED_SELECTOR = YES;
				GCC_WARN_UNINITIALIZED_AUTOS = YES_AGGRESSIVE;
				GCC_WARN_UNUSED_FUNCTION = YES;
				GCC_WARN_UNUSED_VARIABLE = YES;
				IPHONEOS_DEPLOYMENT_TARGET = 15.4;
				MTL_ENABLE_DEBUG_INFO = INCLUDE_SOURCE;
				MTL_FAST_MATH = YES;
				ONLY_ACTIVE_ARCH = YES;
				SDKROOT = iphoneos;
				SWIFT_ACTIVE_COMPILATION_CONDITIONS = DEBUG;
				SWIFT_OPTIMIZATION_LEVEL = "-Onone";
			};
			name = Debug;
		};
		6D0796F6282E233400E20DAA /* Release */ = {
			isa = XCBuildConfiguration;
			buildSettings = {
				ALWAYS_SEARCH_USER_PATHS = NO;
				CLANG_ANALYZER_NONNULL = YES;
				CLANG_ANALYZER_NUMBER_OBJECT_CONVERSION = YES_AGGRESSIVE;
				CLANG_CXX_LANGUAGE_STANDARD = "gnu++17";
				CLANG_ENABLE_MODULES = YES;
				CLANG_ENABLE_OBJC_ARC = YES;
				CLANG_ENABLE_OBJC_WEAK = YES;
				CLANG_WARN_BLOCK_CAPTURE_AUTORELEASING = YES;
				CLANG_WARN_BOOL_CONVERSION = YES;
				CLANG_WARN_COMMA = YES;
				CLANG_WARN_CONSTANT_CONVERSION = YES;
				CLANG_WARN_DEPRECATED_OBJC_IMPLEMENTATIONS = YES;
				CLANG_WARN_DIRECT_OBJC_ISA_USAGE = YES_ERROR;
				CLANG_WARN_DOCUMENTATION_COMMENTS = YES;
				CLANG_WARN_EMPTY_BODY = YES;
				CLANG_WARN_ENUM_CONVERSION = YES;
				CLANG_WARN_INFINITE_RECURSION = YES;
				CLANG_WARN_INT_CONVERSION = YES;
				CLANG_WARN_NON_LITERAL_NULL_CONVERSION = YES;
				CLANG_WARN_OBJC_IMPLICIT_RETAIN_SELF = YES;
				CLANG_WARN_OBJC_LITERAL_CONVERSION = YES;
				CLANG_WARN_OBJC_ROOT_CLASS = YES_ERROR;
				CLANG_WARN_QUOTED_INCLUDE_IN_FRAMEWORK_HEADER = YES;
				CLANG_WARN_RANGE_LOOP_ANALYSIS = YES;
				CLANG_WARN_STRICT_PROTOTYPES = YES;
				CLANG_WARN_SUSPICIOUS_MOVE = YES;
				CLANG_WARN_UNGUARDED_AVAILABILITY = YES_AGGRESSIVE;
				CLANG_WARN_UNREACHABLE_CODE = YES;
				CLANG_WARN__DUPLICATE_METHOD_MATCH = YES;
				COPY_PHASE_STRIP = NO;
				DEBUG_INFORMATION_FORMAT = "dwarf-with-dsym";
				ENABLE_NS_ASSERTIONS = NO;
				ENABLE_STRICT_OBJC_MSGSEND = YES;
				GCC_C_LANGUAGE_STANDARD = gnu11;
				GCC_NO_COMMON_BLOCKS = YES;
				GCC_WARN_64_TO_32_BIT_CONVERSION = YES;
				GCC_WARN_ABOUT_RETURN_TYPE = YES_ERROR;
				GCC_WARN_UNDECLARED_SELECTOR = YES;
				GCC_WARN_UNINITIALIZED_AUTOS = YES_AGGRESSIVE;
				GCC_WARN_UNUSED_FUNCTION = YES;
				GCC_WARN_UNUSED_VARIABLE = YES;
				IPHONEOS_DEPLOYMENT_TARGET = 15.4;
				MTL_ENABLE_DEBUG_INFO = NO;
				MTL_FAST_MATH = YES;
				SDKROOT = iphoneos;
				SWIFT_COMPILATION_MODE = wholemodule;
				SWIFT_OPTIMIZATION_LEVEL = "-O";
				VALIDATE_PRODUCT = YES;
			};
			name = Release;
		};
		6D0796F8282E233400E20DAA /* Debug */ = {
			isa = XCBuildConfiguration;
			buildSettings = {
				ASSETCATALOG_COMPILER_APPICON_NAME = AppIcon;
				ASSETCATALOG_COMPILER_GLOBAL_ACCENT_COLOR_NAME = AccentColor;
				CODE_SIGN_STYLE = Automatic;
				CURRENT_PROJECT_VERSION = 1;
				DEVELOPMENT_TEAM = 93LJ9T3CBB;
				GENERATE_INFOPLIST_FILE = YES;
				INFOPLIST_FILE = AS_13_techmon/Info.plist;
				INFOPLIST_KEY_UIApplicationSupportsIndirectInputEvents = YES;
				INFOPLIST_KEY_UILaunchStoryboardName = LaunchScreen;
				INFOPLIST_KEY_UIMainStoryboardFile = Main;
				INFOPLIST_KEY_UISupportedInterfaceOrientations_iPad = "UIInterfaceOrientationPortrait UIInterfaceOrientationPortraitUpsideDown UIInterfaceOrientationLandscapeLeft UIInterfaceOrientationLandscapeRight";
				INFOPLIST_KEY_UISupportedInterfaceOrientations_iPhone = "UIInterfaceOrientationPortrait UIInterfaceOrientationLandscapeLeft UIInterfaceOrientationLandscapeRight";
				LD_RUNPATH_SEARCH_PATHS = (
					"$(inherited)",
					"@executable_path/Frameworks",
				);
				MARKETING_VERSION = 1.0;
				PRODUCT_BUNDLE_IDENTIFIER = "AtsushiHosaka.AS-13-techmon";
				PRODUCT_NAME = "$(TARGET_NAME)";
				SWIFT_EMIT_LOC_STRINGS = YES;
				SWIFT_VERSION = 5.0;
				TARGETED_DEVICE_FAMILY = "1,2";
			};
			name = Debug;
		};
		6D0796F9282E233400E20DAA /* Release */ = {
			isa = XCBuildConfiguration;
			buildSettings = {
				ASSETCATALOG_COMPILER_APPICON_NAME = AppIcon;
				ASSETCATALOG_COMPILER_GLOBAL_ACCENT_COLOR_NAME = AccentColor;
				CODE_SIGN_STYLE = Automatic;
				CURRENT_PROJECT_VERSION = 1;
				DEVELOPMENT_TEAM = 93LJ9T3CBB;
				GENERATE_INFOPLIST_FILE = YES;
				INFOPLIST_FILE = AS_13_techmon/Info.plist;
				INFOPLIST_KEY_UIApplicationSupportsIndirectInputEvents = YES;
				INFOPLIST_KEY_UILaunchStoryboardName = LaunchScreen;
				INFOPLIST_KEY_UIMainStoryboardFile = Main;
				INFOPLIST_KEY_UISupportedInterfaceOrientations_iPad = "UIInterfaceOrientationPortrait UIInterfaceOrientationPortraitUpsideDown UIInterfaceOrientationLandscapeLeft UIInterfaceOrientationLandscapeRight";
				INFOPLIST_KEY_UISupportedInterfaceOrientations_iPhone = "UIInterfaceOrientationPortrait UIInterfaceOrientationLandscapeLeft UIInterfaceOrientationLandscapeRight";
				LD_RUNPATH_SEARCH_PATHS = (
					"$(inherited)",
					"@executable_path/Frameworks",
				);
				MARKETING_VERSION = 1.0;
				PRODUCT_BUNDLE_IDENTIFIER = "AtsushiHosaka.AS-13-techmon";
				PRODUCT_NAME = "$(TARGET_NAME)";
				SWIFT_EMIT_LOC_STRINGS = YES;
				SWIFT_VERSION = 5.0;
				TARGETED_DEVICE_FAMILY = "1,2";
			};
			name = Release;
		};
/* End XCBuildConfiguration section */

/* Begin XCConfigurationList section */
		6D0796DE282E233300E20DAA /* Build configuration list for PBXProject "AS_13_techmon" */ = {
			isa = XCConfigurationList;
			buildConfigurations = (
				6D0796F5282E233400E20DAA /* Debug */,
				6D0796F6282E233400E20DAA /* Release */,
			);
			defaultConfigurationIsVisible = 0;
			defaultConfigurationName = Release;
		};
		6D0796F7282E233400E20DAA /* Build configuration list for PBXNativeTarget "AS_13_techmon" */ = {
			isa = XCConfigurationList;
			buildConfigurations = (
				6D0796F8282E233400E20DAA /* Debug */,
				6D0796F9282E233400E20DAA /* Release */,
			);
			defaultConfigurationIsVisible = 0;
			defaultConfigurationName = Release;
		};
/* End XCConfigurationList section */
	};
	rootObject = 6D0796DB282E233300E20DAA /* Project object */;
}
